
Microsoft Visual Studio Solution File, Format Version 12.00
# Visual Studio Version 17
VisualStudioVersion = 17.0.31903.59
MinimumVisualStudioVersion = 10.0.40219.1
Project("{FAE04EC0-301F-11D3-BF4B-00C04F79EFBC}") = "EcommerceDDD.Core", "EcommerceDDD.Core\EcommerceDDD.Core.csproj", "{A8F59F2D-8F10-4C36-B28E-524E544034AF}"
EndProject
Project("{FAE04EC0-301F-11D3-BF4B-00C04F79EFBC}") = "EcommerceDDD.Core.Infrastructure", "EcommerceDDD.Core.Infrastructure\EcommerceDDD.Core.Infrastructure.csproj", "{0C65ADE4-6A43-402A-949F-28ED8B0FE95B}"
EndProject
Global
	GlobalSection(SolutionConfigurationPlatforms) = preSolution
		Debug|Any CPU = Debug|Any CPU
		Release|Any CPU = Release|Any CPU
	EndGlobalSection
	GlobalSection(SolutionProperties) = preSolution
		HideSolutionNode = FALSE
	EndGlobalSection
	GlobalSection(ProjectConfigurationPlatforms) = postSolution
		{A8F59F2D-8F10-4C36-B28E-524E544034AF}.Debug|Any CPU.ActiveCfg = Debug|Any CPU
		{A8F59F2D-8F10-4C36-B28E-524E544034AF}.Debug|Any CPU.Build.0 = Debug|Any CPU
		{A8F59F2D-8F10-4C36-B28E-524E544034AF}.Release|Any CPU.ActiveCfg = Release|Any CPU
		{A8F59F2D-8F10-4C36-B28E-524E544034AF}.Release|Any CPU.Build.0 = Release|Any CPU
		{0C65ADE4-6A43-402A-949F-28ED8B0FE95B}.Debug|Any CPU.ActiveCfg = Debug|Any CPU
		{0C65ADE4-6A43-402A-949F-28ED8B0FE95B}.Debug|Any CPU.Build.0 = Debug|Any CPU
		{0C65ADE4-6A43-402A-949F-28ED8B0FE95B}.Release|Any CPU.ActiveCfg = Release|Any CPU
		{0C65ADE4-6A43-402A-949F-28ED8B0FE95B}.Release|Any CPU.Build.0 = Release|Any CPU
	EndGlobalSection
EndGlobal
